
Microsoft Visual Studio Solution File, Format Version 11.00
# Visual Studio 2010
Project("{FAE04EC0-301F-11D3-BF4B-00C04F79EFBC}") = "Ignite", "Ignite\Ignite.csproj", "{A9B64B41-807D-418B-8E7C-8023458112BF}"
EndProject
Project("{FAE04EC0-301F-11D3-BF4B-00C04F79EFBC}") = "Ignite.Test", "Ignite.Test\Ignite.Test.csproj", "{D2A1B263-F49D-44FD-8832-B7A564993D71}"
EndProject
Project("{2150E333-8FDC-42A3-9474-1A3956D46DE8}") = "Solution Items", "Solution Items", "{F88B4562-D5A7-455F-B5E1-5146126969FA}"
	ProjectSection(SolutionItems) = preProject
		Ignite.vsmdi = Ignite.vsmdi
		Local.testsettings = Local.testsettings
		TraceAndTestImpact.testsettings = TraceAndTestImpact.testsettings
	EndProjectSection
EndProject
Project("{FAE04EC0-301F-11D3-BF4B-00C04F79EFBC}") = "Ignite.SampleWeb", "Ignite.SampleWeb\Ignite.SampleWeb.csproj", "{2F0FB25A-2A57-401C-8A5B-5E642C4D9082}"
EndProject
Global
	GlobalSection(TestCaseManagementSettings) = postSolution
		CategoryFile = Ignite.vsmdi
	EndGlobalSection
	GlobalSection(SolutionConfigurationPlatforms) = preSolution
		Debug|Any CPU = Debug|Any CPU
		Release|Any CPU = Release|Any CPU
	EndGlobalSection
	GlobalSection(ProjectConfigurationPlatforms) = postSolution
		{A9B64B41-807D-418B-8E7C-8023458112BF}.Debug|Any CPU.ActiveCfg = Debug|Any CPU
		{A9B64B41-807D-418B-8E7C-8023458112BF}.Debug|Any CPU.Build.0 = Debug|Any CPU
		{A9B64B41-807D-418B-8E7C-8023458112BF}.Release|Any CPU.ActiveCfg = Release|Any CPU
		{A9B64B41-807D-418B-8E7C-8023458112BF}.Release|Any CPU.Build.0 = Release|Any CPU
		{D2A1B263-F49D-44FD-8832-B7A564993D71}.Debug|Any CPU.ActiveCfg = Debug|Any CPU
		{D2A1B263-F49D-44FD-8832-B7A564993D71}.Debug|Any CPU.Build.0 = Debug|Any CPU
		{D2A1B263-F49D-44FD-8832-B7A564993D71}.Release|Any CPU.ActiveCfg = Release|Any CPU
		{D2A1B263-F49D-44FD-8832-B7A564993D71}.Release|Any CPU.Build.0 = Release|Any CPU
		{2F0FB25A-2A57-401C-8A5B-5E642C4D9082}.Debug|Any CPU.ActiveCfg = Debug|Any CPU
		{2F0FB25A-2A57-401C-8A5B-5E642C4D9082}.Debug|Any CPU.Build.0 = Debug|Any CPU
		{2F0FB25A-2A57-401C-8A5B-5E642C4D9082}.Release|Any CPU.ActiveCfg = Release|Any CPU
		{2F0FB25A-2A57-401C-8A5B-5E642C4D9082}.Release|Any CPU.Build.0 = Release|Any CPU
	EndGlobalSection
	GlobalSection(SolutionProperties) = preSolution
		HideSolutionNode = FALSE
	EndGlobalSection
EndGlobal
